
Microsoft Visual Studio Solution File, Format Version 12.00
# Visual Studio Version 17
VisualStudioVersion = 17.11.35431.28
MinimumVisualStudioVersion = 10.0.40219.1
Project("{8BC9CEB8-8B4A-11D0-8D11-00A0C91BC942}") = "asia_restore", "asia_restore\asia_restore.vcxproj", "{608A6D02-F762-4B14-91FE-7BF0CC89D998}"
EndProject
Global
	GlobalSection(SolutionConfigurationPlatforms) = preSolution
		Debug|x64 = Debug|x64
		Debug|x86 = Debug|x86
		Release|x64 = Release|x64
		Release|x86 = Release|x86
	EndGlobalSection
	GlobalSection(ProjectConfigurationPlatforms) = postSolution
		{608A6D02-F762-4B14-91FE-7BF0CC89D998}.Debug|x64.ActiveCfg = Debug|x64
		{608A6D02-F762-4B14-91FE-7BF0CC89D998}.Debug|x64.Build.0 = Debug|x64
		{608A6D02-F762-4B14-91FE-7BF0CC89D998}.Debug|x86.ActiveCfg = Debug|Win32
		{608A6D02-F762-4B14-91FE-7BF0CC89D998}.Debug|x86.Build.0 = Debug|Win32
		{608A6D02-F762-4B14-91FE-7BF0CC89D998}.Release|x64.ActiveCfg = Release|x64
		{608A6D02-F762-4B14-91FE-7BF0CC89D998}.Release|x64.Build.0 = Release|x64
		{608A6D02-F762-4B14-91FE-7BF0CC89D998}.Release|x86.ActiveCfg = Release|Win32
		{608A6D02-F762-4B14-91FE-7BF0CC89D998}.Release|x86.Build.0 = Release|Win32
	EndGlobalSection
	GlobalSection(SolutionProperties) = preSolution
		HideSolutionNode = FALSE
	EndGlobalSection
	GlobalSection(ExtensibilityGlobals) = postSolution
		SolutionGuid = {6F9DAD27-6449-4CEC-A43D-60D0DA344B46}
	EndGlobalSection
EndGlobal
